
Microsoft Visual Studio Solution File, Format Version 12.00
# Visual Studio Version 16
VisualStudioVersion = 16.0.31702.278
MinimumVisualStudioVersion = 10.0.40219.1
Project("{FAE04EC0-301F-11D3-BF4B-00C04F79EFBC}") = "WpfTask2", "WpfTask2\WpfTask2.csproj", "{8288CCD1-6AF0-4D26-AE3D-476F0A2EB760}"
EndProject
Global
	GlobalSection(SolutionConfigurationPlatforms) = preSolution
		Debug|Any CPU = Debug|Any CPU
		Release|Any CPU = Release|Any CPU
	EndGlobalSection
	GlobalSection(ProjectConfigurationPlatforms) = postSolution
		{8288CCD1-6AF0-4D26-AE3D-476F0A2EB760}.Debug|Any CPU.ActiveCfg = Debug|Any CPU
		{8288CCD1-6AF0-4D26-AE3D-476F0A2EB760}.Debug|Any CPU.Build.0 = Debug|Any CPU
		{8288CCD1-6AF0-4D26-AE3D-476F0A2EB760}.Release|Any CPU.ActiveCfg = Release|Any CPU
		{8288CCD1-6AF0-4D26-AE3D-476F0A2EB760}.Release|Any CPU.Build.0 = Release|Any CPU
	EndGlobalSection
	GlobalSection(SolutionProperties) = preSolution
		HideSolutionNode = FALSE
	EndGlobalSection
	GlobalSection(ExtensibilityGlobals) = postSolution
		SolutionGuid = {061CFAD2-40D0-4303-A451-F5EE6A44D30E}
	EndGlobalSection
EndGlobal
